github.com/ebitengine/purego v0.8.4 h1:CF7LEKg5FFOsASUj0+QwaXf8Ht6TlFxg09+S9wz0omw=
github.com/ebitengine/purego v0.8.4/go.mod h1:iIjxzd6CiRiOG0UyXP+V1+jWqUXVjPKLAI0mRfJZTmQ=
github.com/gen2brain/go-fitz v1.24.15 h1:sJNB1MOWkqnzzENPHggFpgxTwW0+S5WF/rM5wUBpJWo=
github.com/gen2brain/go-fitz v1.24.15/go.mod h1:SftkiVbTHqF141DuiLwBBM65zP7ig6AVDQpf2WlHamo=
github.com/go-chi/chi/v5 v5.0.11 h1:BnpYbFZ3T3S1WMpD79r7R5ThWX40TaFB7L31Y8xqSwA=
github.com/go-chi/chi/v5 v5.0.11/go.mod h1:DslCQbL2OYiznFReuXYUmQ2hGd1aDpCnlMNITLSKoi8=
github.com/google/uuid v1.6.0 h1:NIvaJDMOsjHA8n1jAhLSgzrAzy1Hgr+hNrb57e+94F0=
github.com/google/uuid v1.6.0/go.mod h1:TIyPZe4MgqvfeYDBFedMoGGpEw/LqOeaOT+nhxU+yHo=
github.com/joho/godotenv v1.5.1 h1:7eLL/+HRGLY0ldzfGMeQkb7vMd0as4CfYvUVzLqw0N0=
github.com/joho/godotenv v1.5.1/go.mod h1:f4LDr5Voq0i2e/R5DDNOoa2zzDfwtkZa6DnEwAbqwq4=
github.com/jupiterrider/ffi v0.5.0 h1:j2nSgpabbV1JOwgP4Kn449sJUHq3cVLAZVBoOYn44V8=
github.com/jupiterrider/ffi v0.5.0/go.mod h1:x7xdNKo8h0AmLuXfswDUBxUsd2OqUP4ekC8sCnsmbvo=
github.com/otiai10/gosseract/v2 v2.4.1 h1:G8AyBpXEeSlcq8TI85LH/pM5SXk8Djy2GEXisgyblRw=
github.com/otiai10/gosseract/v2 v2.4.1/go.mod h1:1gNWP4Hgr2o7yqWfs6r5bZxAatjOIdqWxJLWsTsembk=
golang.org/x/sys v0.33.0 h1:q3i8TbbEz+JRD9ywIRlyRAQbM0qF7hu24q3teo2hbuw=
golang.org/x/sys v0.33.0/go.mod h1:BJP2sWEmIv4KK5OTEluFJCKSidICx8ciO85XgH3Ak8k=
